<?xml version="1.0" encoding="utf-8"?>
<Project ToolsVersion="4.0" xmlns="http://schemas.microsoft.com/developer/msbuild/2003">
  <ItemGroup>
    <Filter Include="Fichiers de ressources">
      <UniqueIdentifier>{67DA6AB6-F800-4c08-8B7A-83BB121AAD01}</UniqueIdentifier>
      <Extensions>rc;ico;cur;bmp;dlg;rc2;rct;bin;rgs;gif;jpg;jpeg;jpe;resx;tiff;tif;png;wav;mfcribbon-ms</Extensions>
    </Filter>
    <Filter Include="DB">
      <UniqueIdentifier>{0fae1afa-752c-4bd8-8828-5b24d994cfb6}</UniqueIdentifier>
    </Filter>
    <Filter Include="DB\Fichiers d%27en-tête">
      <UniqueIdentifier>{bef7582a-c649-43a9-8115-18e617f4a71c}</UniqueIdentifier>
    </Filter>
    <Filter Include="DB\Fichiers sources">
      <UniqueIdentifier>{ed2d0553-0d74-4d01-bb84-0dceed3e629a}</UniqueIdentifier>
    </Filter>
    <Filter Include="Regroupement">
      <UniqueIdentifier>{382ec8e2-c33a-44ec-b659-0ab42adaafb3}</UniqueIdentifier>
    </Filter>
    <Filter Include="Regroupement\Fichiers sources">
      <UniqueIdentifier>{b0fd24f2-e188-401a-a3c6-ad3ecaeee327}</UniqueIdentifier>
    </Filter>
    <Filter Include="Regroupement\Fichiers d%27en-tête">
      <UniqueIdentifier>{850ce975-820c-4f6d-8f5c-004de92bf503}</UniqueIdentifier>
    </Filter>
    <Filter Include="Form">
      <UniqueIdentifier>{757d7b57-6161-48f2-9d21-ce1d3565d1e8}</UniqueIdentifier>
    </Filter>
    <Filter Include="Form\Fichiers sources">
      <UniqueIdentifier>{4FC737F1-C7A5-4376-A066-2A32D752A2FF}</UniqueIdentifier>
      <Extensions>cpp;c;cc;cxx;c++;cppm;ixx;def;odl;idl;hpj;bat;asm;asmx</Extensions>
    </Filter>
    <Filter Include="Form\Fichiers d%27en-tête">
      <UniqueIdentifier>{93995380-89BD-4b04-88EB-625FBE52EBFB}</UniqueIdentifier>
      <Extensions>h;hh;hpp;hxx;h++;hm;inl;inc;ipp;xsd</Extensions>
    </Filter>
    <Filter Include="List">
      <UniqueIdentifier>{5a0d09b2-74ef-4d7e-bc6a-5439c699f206}</UniqueIdentifier>
    </Filter>
    <Filter Include="List\Fichiers d%27en-tête">
      <UniqueIdentifier>{a621ca43-0850-463c-b3c2-4b2613316bc5}</UniqueIdentifier>
    </Filter>
    <Filter Include="List\Fichiers sources">
      <UniqueIdentifier>{d79f8ead-5ae5-4ac7-afa1-400f921c58c0}</UniqueIdentifier>
    </Filter>
  </ItemGroup>
  <ItemGroup>
    <ClCompile Include="Form_Main.cpp">
      <Filter>Form\Fichiers sources</Filter>
    </ClCompile>
    <ClCompile Include="Form_Search.cpp">
      <Filter>Form\Fichiers sources</Filter>
    </ClCompile>
    <ClCompile Include="Form_Edit.cpp">
      <Filter>Form\Fichiers sources</Filter>
    </ClCompile>
    <ClCompile Include="DB_Personnel.cpp">
      <Filter>DB\Fichiers sources</Filter>
    </ClCompile>
    <ClCompile Include="Global_Var.cpp">
      <Filter>Fichiers de ressources</Filter>
    </ClCompile>
    <ClCompile Include="DB_Address.cpp">
      <Filter>DB\Fichiers sources</Filter>
    </ClCompile>
    <ClCompile Include="DB_City.cpp">
      <Filter>DB\Fichiers sources</Filter>
    </ClCompile>
    <ClCompile Include="DB_Country.cpp">
      <Filter>DB\Fichiers sources</Filter>
    </ClCompile>
    <ClCompile Include="DB_People.cpp">
      <Filter>DB\Fichiers sources</Filter>
    </ClCompile>
    <ClCompile Include="Personnel.cpp">
      <Filter>Regroupement\Fichiers sources</Filter>
    </ClCompile>
    <ClCompile Include="Connection_DB.cpp">
      <Filter>Fichiers de ressources</Filter>
    </ClCompile>
    <ClCompile Include="Address.cpp">
      <Filter>Regroupement\Fichiers sources</Filter>
    </ClCompile>
    <ClCompile Include="DB_Client_Address.cpp">
      <Filter>DB\Fichiers sources</Filter>
    </ClCompile>
    <ClCompile Include="Row.cpp">
      <Filter>Fichiers de ressources</Filter>
    </ClCompile>
    <ClCompile Include="DB_Client.cpp">
      <Filter>DB\Fichiers sources</Filter>
    </ClCompile>
    <ClCompile Include="Client.cpp">
      <Filter>Regroupement\Fichiers sources</Filter>
    </ClCompile>
    <ClCompile Include="List_Address.cpp">
      <Filter>List\Fichiers sources</Filter>
    </ClCompile>
    <ClCompile Include="Form_Edit_Client.cpp">
      <Filter>Form\Fichiers sources</Filter>
    </ClCompile>
    <ClCompile Include="Item.cpp">
      <Filter>Regroupement\Fichiers sources</Filter>
    </ClCompile>
    <ClCompile Include="DB_Item.cpp">
      <Filter>DB\Fichiers sources</Filter>
    </ClCompile>
    <ClCompile Include="DB_Type.cpp">
      <Filter>DB\Fichiers sources</Filter>
    </ClCompile>
    <ClCompile Include="DB_Price.cpp">
      <Filter>DB\Fichiers sources</Filter>
    </ClCompile>
    <ClCompile Include="Form_Edit_Stock.cpp">
      <Filter>Form\Fichiers sources</Filter>
    </ClCompile>
    <ClCompile Include="Form_Command.cpp">
      <Filter>Form\Fichiers sources</Filter>
    </ClCompile>
  </ItemGroup>
  <ItemGroup>
    <ClInclude Include="Form_Main.h">
      <Filter>Form\Fichiers d%27en-tête</Filter>
    </ClInclude>
    <ClInclude Include="Form_Search.h">
      <Filter>Form\Fichiers d%27en-tête</Filter>
    </ClInclude>
    <ClInclude Include="Form_Edit.h">
      <Filter>Form\Fichiers d%27en-tête</Filter>
    </ClInclude>
    <ClInclude Include="DB_Personnel.h">
      <Filter>DB\Fichiers d%27en-tête</Filter>
    </ClInclude>
    <ClInclude Include="Global_Var.h">
      <Filter>Fichiers de ressources</Filter>
    </ClInclude>
    <ClInclude Include="DB_Address.h">
      <Filter>DB\Fichiers d%27en-tête</Filter>
    </ClInclude>
    <ClInclude Include="DB_City.h">
      <Filter>DB\Fichiers d%27en-tête</Filter>
    </ClInclude>
    <ClInclude Include="DB_Country.h">
      <Filter>DB\Fichiers d%27en-tête</Filter>
    </ClInclude>
    <ClInclude Include="DB_People.h">
      <Filter>DB\Fichiers d%27en-tête</Filter>
    </ClInclude>
    <ClInclude Include="Personnel.h">
      <Filter>Regroupement\Fichiers d%27en-tête</Filter>
    </ClInclude>
    <ClInclude Include="Connection_DB.h">
      <Filter>Fichiers de ressources</Filter>
    </ClInclude>
    <ClInclude Include="Address.h">
      <Filter>Regroupement\Fichiers d%27en-tête</Filter>
    </ClInclude>
    <ClInclude Include="DB_Client_Address.h">
      <Filter>DB\Fichiers d%27en-tête</Filter>
    </ClInclude>
    <ClInclude Include="Row.h">
      <Filter>Fichiers de ressources</Filter>
    </ClInclude>
    <ClInclude Include="DB_Client.h">
      <Filter>DB\Fichiers d%27en-tête</Filter>
    </ClInclude>
    <ClInclude Include="Client.h">
      <Filter>Regroupement\Fichiers d%27en-tête</Filter>
    </ClInclude>
    <ClInclude Include="List_Address.h">
      <Filter>List\Fichiers d%27en-tête</Filter>
    </ClInclude>
    <ClInclude Include="Form_Edit_Client.h">
      <Filter>Form\Fichiers d%27en-tête</Filter>
    </ClInclude>
    <ClInclude Include="Item.h">
      <Filter>Regroupement\Fichiers d%27en-tête</Filter>
    </ClInclude>
    <ClInclude Include="DB_Item.h">
      <Filter>DB\Fichiers d%27en-tête</Filter>
    </ClInclude>
    <ClInclude Include="DB_Type.h">
      <Filter>DB\Fichiers d%27en-tête</Filter>
    </ClInclude>
    <ClInclude Include="DB_Price.h">
      <Filter>DB\Fichiers d%27en-tête</Filter>
    </ClInclude>
    <ClInclude Include="Form_Edit_Stock.h">
      <Filter>Form\Fichiers d%27en-tête</Filter>
    </ClInclude>
    <ClInclude Include="Form_Command.h">
      <Filter>Form\Fichiers d%27en-tête</Filter>
    </ClInclude>
  </ItemGroup>
</Project>